// !$*UTF8*$!
{
	archiveVersion = 1;
	classes = {
	};
	objectVersion = 46;
	objects = {

/* Begin PBXBuildFile section */
		A28C930D1CCCAC130050A42F /* main.c in Sources */ = {isa = PBXBuildFile; fileRef = A28C930C1CCCAC130050A42F /* main.c */; };
		A28C93191CCE25B00050A42F /* methods.c in Sources */ = {isa = PBXBuildFile; fileRef = A28C93171CCE25B00050A42F /* methods.c */; };
		A2C02F081CCF615300D155CF /* main.c in Sources */ = {isa = PBXBuildFile; fileRef = A2C02F071CCF615300D155CF /* main.c */; };
		A2C02F0E1CCF618700D155CF /* methods.c in Sources */ = {isa = PBXBuildFile; fileRef = A2C02F0C1CCF618700D155CF /* methods.c */; };
		A2C4138F1CABCFB500427862 /* methods.c in Sources */ = {isa = PBXBuildFile; fileRef = A2C4138D1CABCFB500427862 /* methods.c */; };
		A2CA0EBA1C8BDD0400DCE7E2 /* main.c in Sources */ = {isa = PBXBuildFile; fileRef = A2CA0EB91C8BDD0400DCE7E2 /* main.c */; };
		A2CFFC0C1CABBE4A0011B4F0 /* main.c in Sources */ = {isa = PBXBuildFile; fileRef = A2CFFC0B1CABBE4A0011B4F0 /* main.c */; };
/* End PBXBuildFile section */

/* Begin PBXCopyFilesBuildPhase section */
		A28C93081CCCAC130050A42F /* CopyFiles */ = {
			isa = PBXCopyFilesBuildPhase;
			buildActionMask = 2147483647;
			dstPath = /usr/share/man/man1/;
			dstSubfolderSpec = 0;
			files = (
			);
			runOnlyForDeploymentPostprocessing = 1;
		};
		A2C02F031CCF615300D155CF /* CopyFiles */ = {
			isa = PBXCopyFilesBuildPhase;
			buildActionMask = 2147483647;
			dstPath = /usr/share/man/man1/;
			dstSubfolderSpec = 0;
			files = (
			);
			runOnlyForDeploymentPostprocessing = 1;
		};
		A2CA0EB51C8BDD0400DCE7E2 /* CopyFiles */ = {
			isa = PBXCopyFilesBuildPhase;
			buildActionMask = 2147483647;
			dstPath = /usr/share/man/man1/;
			dstSubfolderSpec = 0;
			files = (
			);
			runOnlyForDeploymentPostprocessing = 1;
		};
		A2CFFC071CABBE4A0011B4F0 /* CopyFiles */ = {
			isa = PBXCopyFilesBuildPhase;
			buildActionMask = 2147483647;
			dstPath = /usr/share/man/man1/;
			dstSubfolderSpec = 0;
			files = (
			);
			runOnlyForDeploymentPostprocessing = 1;
		};
/* End PBXCopyFilesBuildPhase section */

/* Begin PBXFileReference section */
		A28C930A1CCCAC130050A42F /* SimpleStack */ = {isa = PBXFileReference; explicitFileType = "compiled.mach-o.executable"; includeInIndex = 0; path = SimpleStack; sourceTree = BUILT_PRODUCTS_DIR; };
		A28C930C1CCCAC130050A42F /* main.c */ = {isa = PBXFileReference; lastKnownFileType = sourcecode.c.c; path = main.c; sourceTree = "<group>"; };
		A28C93171CCE25B00050A42F /* methods.c */ = {isa = PBXFileReference; fileEncoding = 4; lastKnownFileType = sourcecode.c.c; path = methods.c; sourceTree = "<group>"; };
		A28C93181CCE25B00050A42F /* methods.h */ = {isa = PBXFileReference; fileEncoding = 4; lastKnownFileType = sourcecode.c.h; path = methods.h; sourceTree = "<group>"; };
		A2C02F051CCF615300D155CF /* LinkedListExercise */ = {isa = PBXFileReference; explicitFileType = "compiled.mach-o.executable"; includeInIndex = 0; path = LinkedListExercise; sourceTree = BUILT_PRODUCTS_DIR; };
		A2C02F071CCF615300D155CF /* main.c */ = {isa = PBXFileReference; lastKnownFileType = sourcecode.c.c; path = main.c; sourceTree = "<group>"; };
		A2C02F0C1CCF618700D155CF /* methods.c */ = {isa = PBXFileReference; fileEncoding = 4; lastKnownFileType = sourcecode.c.c; path = methods.c; sourceTree = "<group>"; };
		A2C02F0D1CCF618700D155CF /* methods.h */ = {isa = PBXFileReference; fileEncoding = 4; lastKnownFileType = sourcecode.c.h; path = methods.h; sourceTree = "<group>"; };
		A2C4138D1CABCFB500427862 /* methods.c */ = {isa = PBXFileReference; fileEncoding = 4; lastKnownFileType = sourcecode.c.c; path = methods.c; sourceTree = "<group>"; };
		A2C4138E1CABCFB500427862 /* methods.h */ = {isa = PBXFileReference; fileEncoding = 4; lastKnownFileType = sourcecode.c.h; path = methods.h; sourceTree = "<group>"; };
		A2CA0EB71C8BDD0400DCE7E2 /* SimpleLinkedList */ = {isa = PBXFileReference; explicitFileType = "compiled.mach-o.executable"; includeInIndex = 0; path = SimpleLinkedList; sourceTree = BUILT_PRODUCTS_DIR; };
		A2CA0EB91C8BDD0400DCE7E2 /* main.c */ = {isa = PBXFileReference; lastKnownFileType = sourcecode.c.c; path = main.c; sourceTree = "<group>"; };
		A2CFFC091CABBE4A0011B4F0 /* DoublyLinkedList */ = {isa = PBXFileReference; explicitFileType = "compiled.mach-o.executable"; includeInIndex = 0; path = DoublyLinkedList; sourceTree = BUILT_PRODUCTS_DIR; };
		A2CFFC0B1CABBE4A0011B4F0 /* main.c */ = {isa = PBXFileReference; lastKnownFileType = sourcecode.c.c; path = main.c; sourceTree = "<group>"; };
/* End PBXFileReference section */

/* Begin PBXFrameworksBuildPhase section */
		A28C93071CCCAC130050A42F /* Frameworks */ = {
			isa = PBXFrameworksBuildPhase;
			buildActionMask = 2147483647;
			files = (
			);
			runOnlyForDeploymentPostprocessing = 0;
		};
		A2C02F021CCF615300D155CF /* Frameworks */ = {
			isa = PBXFrameworksBuildPhase;
			buildActionMask = 2147483647;
			files = (
			);
			runOnlyForDeploymentPostprocessing = 0;
		};
		A2CA0EB41C8BDD0400DCE7E2 /* Frameworks */ = {
			isa = PBXFrameworksBuildPhase;
			buildActionMask = 2147483647;
			files = (
			);
			runOnlyForDeploymentPostprocessing = 0;
		};
		A2CFFC061CABBE4A0011B4F0 /* Frameworks */ = {
			isa = PBXFrameworksBuildPhase;
			buildActionMask = 2147483647;
			files = (
			);
			runOnlyForDeploymentPostprocessing = 0;
		};
/* End PBXFrameworksBuildPhase section */

/* Begin PBXGroup section */
		A28A290D1C82B174000A8968 = {
			isa = PBXGroup;
			children = (
				A2CA0EB71C8BDD0400DCE7E2 /* SimpleLinkedList */,
				A2CA0EB81C8BDD0400DCE7E2 /* SimpleLinkedList */,
				A2CFFC091CABBE4A0011B4F0 /* DoublyLinkedList */,
				A2CFFC0A1CABBE4A0011B4F0 /* DoublyLinkedList */,
				A28C930A1CCCAC130050A42F /* SimpleStack */,
				A28C930B1CCCAC130050A42F /* SimpleStack */,
				A2C02F051CCF615300D155CF /* LinkedListExercise */,
				A2C02F061CCF615300D155CF /* LinkedListExercise */,
			);
			sourceTree = "<group>";
		};
		A28C930B1CCCAC130050A42F /* SimpleStack */ = {
			isa = PBXGroup;
			children = (
				A28C930C1CCCAC130050A42F /* main.c */,
				A28C93171CCE25B00050A42F /* methods.c */,
				A28C93181CCE25B00050A42F /* methods.h */,
			);
			path = SimpleStack;
			sourceTree = "<group>";
		};
		A2C02F061CCF615300D155CF /* LinkedListExercise */ = {
			isa = PBXGroup;
			children = (
				A2C02F071CCF615300D155CF /* main.c */,
				A2C02F0C1CCF618700D155CF /* methods.c */,
				A2C02F0D1CCF618700D155CF /* methods.h */,
			);
			path = LinkedListExercise;
			sourceTree = "<group>";
		};
		A2CA0EB81C8BDD0400DCE7E2 /* SimpleLinkedList */ = {
			isa = PBXGroup;
			children = (
				A2CA0EB91C8BDD0400DCE7E2 /* main.c */,
			);
			path = SimpleLinkedList;
			sourceTree = "<group>";
		};
		A2CFFC0A1CABBE4A0011B4F0 /* DoublyLinkedList */ = {
			isa = PBXGroup;
			children = (
				A2CFFC0B1CABBE4A0011B4F0 /* main.c */,
				A2C4138D1CABCFB500427862 /* methods.c */,
				A2C4138E1CABCFB500427862 /* methods.h */,
			);
			path = DoublyLinkedList;
			sourceTree = "<group>";
		};
/* End PBXGroup section */

/* Begin PBXNativeTarget section */
		A28C93091CCCAC130050A42F /* SimpleStack */ = {
			isa = PBXNativeTarget;
			buildConfigurationList = A28C93101CCCAC130050A42F /* Build configuration list for PBXNativeTarget "SimpleStack" */;
			buildPhases = (
				A28C93061CCCAC130050A42F /* Sources */,
				A28C93071CCCAC130050A42F /* Frameworks */,
				A28C93081CCCAC130050A42F /* CopyFiles */,
			);
			buildRules = (
			);
			dependencies = (
			);
			name = SimpleStack;
			productName = SimpleStack;
			productReference = A28C930A1CCCAC130050A42F /* SimpleStack */;
			productType = "com.apple.product-type.tool";
		};
		A2C02F041CCF615300D155CF /* LinkedListExercise */ = {
			isa = PBXNativeTarget;
			buildConfigurationList = A2C02F0B1CCF615300D155CF /* Build configuration list for PBXNativeTarget "LinkedListExercise" */;
			buildPhases = (
				A2C02F011CCF615300D155CF /* Sources */,
				A2C02F021CCF615300D155CF /* Frameworks */,
				A2C02F031CCF615300D155CF /* CopyFiles */,
			);
			buildRules = (
			);
			dependencies = (
			);
			name = LinkedListExercise;
			productName = LinkedListExercise;
			productReference = A2C02F051CCF615300D155CF /* LinkedListExercise */;
			productType = "com.apple.product-type.tool";
		};
		A2CA0EB61C8BDD0400DCE7E2 /* SimpleLinkedList */ = {
			isa = PBXNativeTarget;
			buildConfigurationList = A2CA0EBB1C8BDD0400DCE7E2 /* Build configuration list for PBXNativeTarget "SimpleLinkedList" */;
			buildPhases = (
				A2CA0EB31C8BDD0400DCE7E2 /* Sources */,
				A2CA0EB41C8BDD0400DCE7E2 /* Frameworks */,
				A2CA0EB51C8BDD0400DCE7E2 /* CopyFiles */,
			);
			buildRules = (
			);
			dependencies = (
			);
			name = SimpleLinkedList;
			productName = SimpleLinkedList;
			productReference = A2CA0EB71C8BDD0400DCE7E2 /* SimpleLinkedList */;
			productType = "com.apple.product-type.tool";
		};
		A2CFFC081CABBE4A0011B4F0 /* DoublyLinkedList */ = {
			isa = PBXNativeTarget;
			buildConfigurationList = A2CFFC0F1CABBE4A0011B4F0 /* Build configuration list for PBXNativeTarget "DoublyLinkedList" */;
			buildPhases = (
				A2CFFC051CABBE4A0011B4F0 /* Sources */,
				A2CFFC061CABBE4A0011B4F0 /* Frameworks */,
				A2CFFC071CABBE4A0011B4F0 /* CopyFiles */,
			);
			buildRules = (
			);
			dependencies = (
			);
			name = DoublyLinkedList;
			productName = DoublyLinkedList;
			productReference = A2CFFC091CABBE4A0011B4F0 /* DoublyLinkedList */;
			productType = "com.apple.product-type.tool";
		};
/* End PBXNativeTarget section */

/* Begin PBXProject section */
		A28A290E1C82B174000A8968 /* Project object */ = {
			isa = PBXProject;
			attributes = {
				LastUpgradeCheck = 0720;
				ORGANIZATIONNAME = "Eric Liu Developer";
				TargetAttributes = {
					A28C93091CCCAC130050A42F = {
						CreatedOnToolsVersion = 7.3;
					};
					A2C02F041CCF615300D155CF = {
						CreatedOnToolsVersion = 7.3;
					};
					A2CA0EB61C8BDD0400DCE7E2 = {
						CreatedOnToolsVersion = 7.2.1;
					};
					A2CFFC081CABBE4A0011B4F0 = {
						CreatedOnToolsVersion = 7.3;
					};
				};
			};
			buildConfigurationList = A28A29111C82B174000A8968 /* Build configuration list for PBXProject "data.structure" */;
			compatibilityVersion = "Xcode 3.2";
			developmentRegion = English;
			hasScannedForEncodings = 0;
			knownRegions = (
				en,
			);
			mainGroup = A28A290D1C82B174000A8968;
			productRefGroup = A28A290D1C82B174000A8968;
			projectDirPath = "";
			projectRoot = "";
			targets = (
				A2CA0EB61C8BDD0400DCE7E2 /* SimpleLinkedList */,
				A2CFFC081CABBE4A0011B4F0 /* DoublyLinkedList */,
				A28C93091CCCAC130050A42F /* SimpleStack */,
				A2C02F041CCF615300D155CF /* LinkedListExercise */,
			);
		};
/* End PBXProject section */

/* Begin PBXSourcesBuildPhase section */
		A28C93061CCCAC130050A42F /* Sources */ = {
			isa = PBXSourcesBuildPhase;
			buildActionMask = 2147483647;
			files = (
				A28C93191CCE25B00050A42F /* methods.c in Sources */,
				A28C930D1CCCAC130050A42F /* main.c in Sources */,
			);
			runOnlyForDeploymentPostprocessing = 0;
		};
		A2C02F011CCF615300D155CF /* Sources */ = {
			isa = PBXSourcesBuildPhase;
			buildActionMask = 2147483647;
			files = (
				A2C02F0E1CCF618700D155CF /* methods.c in Sources */,
				A2C02F081CCF615300D155CF /* main.c in Sources */,
			);
			runOnlyForDeploymentPostprocessing = 0;
		};
		A2CA0EB31C8BDD0400DCE7E2 /* Sources */ = {
			isa = PBXSourcesBuildPhase;
			buildActionMask = 2147483647;
			files = (
				A2CA0EBA1C8BDD0400DCE7E2 /* main.c in Sources */,
			);
			runOnlyForDeploymentPostprocessing = 0;
		};
		A2CFFC051CABBE4A0011B4F0 /* Sources */ = {
			isa = PBXSourcesBuildPhase;
			buildActionMask = 2147483647;
			files = (
				A2C4138F1CABCFB500427862 /* methods.c in Sources */,
				A2CFFC0C1CABBE4A0011B4F0 /* main.c in Sources */,
			);
			runOnlyForDeploymentPostprocessing = 0;
		};
/* End PBXSourcesBuildPhase section */

/* Begin XCBuildConfiguration section */
		A28A291B1C82B174000A8968 /* Debug */ = {
			isa = XCBuildConfiguration;
			buildSettings = {
				ALWAYS_SEARCH_USER_PATHS = NO;
				CLANG_CXX_LANGUAGE_STANDARD = "gnu++0x";
				CLANG_CXX_LIBRARY = "libc++";
				CLANG_ENABLE_MODULES = YES;
				CLANG_ENABLE_OBJC_ARC = YES;
				CLANG_WARN_BOOL_CONVERSION = YES;
				CLANG_WARN_CONSTANT_CONVERSION = YES;
				CLANG_WARN_DIRECT_OBJC_ISA_USAGE = YES_ERROR;
				CLANG_WARN_EMPTY_BODY = YES;
				CLANG_WARN_ENUM_CONVERSION = YES;
				CLANG_WARN_INT_CONVERSION = YES;
				CLANG_WARN_OBJC_ROOT_CLASS = YES_ERROR;
				CLANG_WARN_UNREACHABLE_CODE = YES;
				CLANG_WARN__DUPLICATE_METHOD_MATCH = YES;
				CODE_SIGN_IDENTITY = "-";
				COPY_PHASE_STRIP = NO;
				DEBUG_INFORMATION_FORMAT = dwarf;
				ENABLE_STRICT_OBJC_MSGSEND = YES;
				ENABLE_TESTABILITY = YES;
				GCC_C_LANGUAGE_STANDARD = gnu99;
				GCC_DYNAMIC_NO_PIC = NO;
				GCC_NO_COMMON_BLOCKS = YES;
				GCC_OPTIMIZATION_LEVEL = 0;
				GCC_PREPROCESSOR_DEFINITIONS = (
					"DEBUG=1",
					"$(inherited)",
				);
				GCC_WARN_64_TO_32_BIT_CONVERSION = YES;
				GCC_WARN_ABOUT_RETURN_TYPE = YES_ERROR;
				GCC_WARN_UNDECLARED_SELECTOR = YES;
				GCC_WARN_UNINITIALIZED_AUTOS = YES_AGGRESSIVE;
				GCC_WARN_UNUSED_FUNCTION = YES;
				GCC_WARN_UNUSED_VARIABLE = YES;
				MACOSX_DEPLOYMENT_TARGET = 10.11;
				MTL_ENABLE_DEBUG_INFO = YES;
				ONLY_ACTIVE_ARCH = YES;
				SDKROOT = macosx;
			};
			name = Debug;
		};
		A28A291C1C82B174000A8968 /* Release */ = {
			isa = XCBuildConfiguration;
			buildSettings = {
				ALWAYS_SEARCH_USER_PATHS = NO;
				CLANG_CXX_LANGUAGE_STANDARD = "gnu++0x";
				CLANG_CXX_LIBRARY = "libc++";
				CLANG_ENABLE_MODULES = YES;
				CLANG_ENABLE_OBJC_ARC = YES;
				CLANG_WARN_BOOL_CONVERSION = YES;
				CLANG_WARN_CONSTANT_CONVERSION = YES;
				CLANG_WARN_DIRECT_OBJC_ISA_USAGE = YES_ERROR;
				CLANG_WARN_EMPTY_BODY = YES;
				CLANG_WARN_ENUM_CONVERSION = YES;
				CLANG_WARN_INT_CONVERSION = YES;
				CLANG_WARN_OBJC_ROOT_CLASS = YES_ERROR;
				CLANG_WARN_UNREACHABLE_CODE = YES;
				CLANG_WARN__DUPLICATE_METHOD_MATCH = YES;
				CODE_SIGN_IDENTITY = "-";
				COPY_PHASE_STRIP = NO;
				DEBUG_INFORMATION_FORMAT = "dwarf-with-dsym";
				ENABLE_NS_ASSERTIONS = NO;
				ENABLE_STRICT_OBJC_MSGSEND = YES;
				GCC_C_LANGUAGE_STANDARD = gnu99;
				GCC_NO_COMMON_BLOCKS = YES;
				GCC_WARN_64_TO_32_BIT_CONVERSION = YES;
				GCC_WARN_ABOUT_RETURN_TYPE = YES_ERROR;
				GCC_WARN_UNDECLARED_SELECTOR = YES;
				GCC_WARN_UNINITIALIZED_AUTOS = YES_AGGRESSIVE;
				GCC_WARN_UNUSED_FUNCTION = YES;
				GCC_WARN_UNUSED_VARIABLE = YES;
				MACOSX_DEPLOYMENT_TARGET = 10.11;
				MTL_ENABLE_DEBUG_INFO = NO;
				SDKROOT = macosx;
			};
			name = Release;
		};
		A28C930E1CCCAC130050A42F /* Debug */ = {
			isa = XCBuildConfiguration;
			buildSettings = {
				CLANG_ANALYZER_NONNULL = YES;
				PRODUCT_NAME = "$(TARGET_NAME)";
			};
			name = Debug;
		};
		A28C930F1CCCAC130050A42F /* Release */ = {
			isa = XCBuildConfiguration;
			buildSettings = {
				CLANG_ANALYZER_NONNULL = YES;
				PRODUCT_NAME = "$(TARGET_NAME)";
			};
			name = Release;
		};
		A2C02F091CCF615300D155CF /* Debug */ = {
			isa = XCBuildConfiguration;
			buildSettings = {
				CLANG_ANALYZER_NONNULL = YES;
				PRODUCT_NAME = "$(TARGET_NAME)";
			};
			name = Debug;
		};
		A2C02F0A1CCF615300D155CF /* Release */ = {
			isa = XCBuildConfiguration;
			buildSettings = {
				CLANG_ANALYZER_NONNULL = YES;
				PRODUCT_NAME = "$(TARGET_NAME)";
			};
			name = Release;
		};
		A2CA0EBC1C8BDD0400DCE7E2 /* Debug */ = {
			isa = XCBuildConfiguration;
			buildSettings = {
				PRODUCT_NAME = "$(TARGET_NAME)";
			};
			name = Debug;
		};
		A2CA0EBD1C8BDD0400DCE7E2 /* Release */ = {
			isa = XCBuildConfiguration;
			buildSettings = {
				PRODUCT_NAME = "$(TARGET_NAME)";
			};
			name = Release;
		};
		A2CFFC0D1CABBE4A0011B4F0 /* Debug */ = {
			isa = XCBuildConfiguration;
			buildSettings = {
				CLANG_ANALYZER_NONNULL = YES;
				PRODUCT_NAME = "$(TARGET_NAME)";
			};
			name = Debug;
		};
		A2CFFC0E1CABBE4A0011B4F0 /* Release */ = {
			isa = XCBuildConfiguration;
			buildSettings = {
				CLANG_ANALYZER_NONNULL = YES;
				PRODUCT_NAME = "$(TARGET_NAME)";
			};
			name = Release;
		};
/* End XCBuildConfiguration section */

/* Begin XCConfigurationList section */
		A28A29111C82B174000A8968 /* Build configuration list for PBXProject "data.structure" */ = {
			isa = XCConfigurationList;
			buildConfigurations = (
				A28A291B1C82B174000A8968 /* Debug */,
				A28A291C1C82B174000A8968 /* Release */,
			);
			defaultConfigurationIsVisible = 0;
			defaultConfigurationName = Release;
		};
		A28C93101CCCAC130050A42F /* Build configuration list for PBXNativeTarget "SimpleStack" */ = {
			isa = XCConfigurationList;
			buildConfigurations = (
				A28C930E1CCCAC130050A42F /* Debug */,
				A28C930F1CCCAC130050A42F /* Release */,
			);
			defaultConfigurationIsVisible = 0;
			defaultConfigurationName = Release;
		};
		A2C02F0B1CCF615300D155CF /* Build configuration list for PBXNativeTarget "LinkedListExercise" */ = {
			isa = XCConfigurationList;
			buildConfigurations = (
				A2C02F091CCF615300D155CF /* Debug */,
				A2C02F0A1CCF615300D155CF /* Release */,
			);
			defaultConfigurationIsVisible = 0;
		};
		A2CA0EBB1C8BDD0400DCE7E2 /* Build configuration list for PBXNativeTarget "SimpleLinkedList" */ = {
			isa = XCConfigurationList;
			buildConfigurations = (
				A2CA0EBC1C8BDD0400DCE7E2 /* Debug */,
				A2CA0EBD1C8BDD0400DCE7E2 /* Release */,
			);
			defaultConfigurationIsVisible = 0;
			defaultConfigurationName = Release;
		};
		A2CFFC0F1CABBE4A0011B4F0 /* Build configuration list for PBXNativeTarget "DoublyLinkedList" */ = {
			isa = XCConfigurationList;
			buildConfigurations = (
				A2CFFC0D1CABBE4A0011B4F0 /* Debug */,
				A2CFFC0E1CABBE4A0011B4F0 /* Release */,
			);
			defaultConfigurationIsVisible = 0;
			defaultConfigurationName = Release;
		};
/* End XCConfigurationList section */
	};
	rootObject = A28A290E1C82B174000A8968 /* Project object */;
}
