// !$*UTF8*$!
{
	archiveVersion = 1;
	classes = {
	};
	objectVersion = 46;
	objects = {

/* Begin PBXBuildFile section */
		A2C708F01C82B969002B9080 /* main.cpp in Sources */ = {isa = PBXBuildFile; fileRef = A2C708EF1C82B969002B9080 /* main.cpp */; };
/* End PBXBuildFile section */

/* Begin PBXCopyFilesBuildPhase section */
		A28A29141C82B174000A8968 /* CopyFiles */ = {
			isa = PBXCopyFilesBuildPhase;
			buildActionMask = 2147483647;
			dstPath = /usr/share/man/man1/;
			dstSubfolderSpec = 0;
			files = (
			);
			runOnlyForDeploymentPostprocessing = 1;
		};
		A2C708D51C82B5E7002B9080 /* CopyFiles */ = {
			isa = PBXCopyFilesBuildPhase;
			buildActionMask = 2147483647;
			dstPath = /usr/share/man/man1/;
			dstSubfolderSpec = 0;
			files = (
			);
			runOnlyForDeploymentPostprocessing = 1;
		};
		A2C708E01C82B7BD002B9080 /* CopyFiles */ = {
			isa = PBXCopyFilesBuildPhase;
			buildActionMask = 2147483647;
			dstPath = /usr/share/man/man1/;
			dstSubfolderSpec = 0;
			files = (
			);
			runOnlyForDeploymentPostprocessing = 1;
		};
		A2C708EB1C82B968002B9080 /* CopyFiles */ = {
			isa = PBXCopyFilesBuildPhase;
			buildActionMask = 2147483647;
			dstPath = /usr/share/man/man1/;
			dstSubfolderSpec = 0;
			files = (
			);
			runOnlyForDeploymentPostprocessing = 1;
		};
/* End PBXCopyFilesBuildPhase section */

/* Begin PBXFileReference section */
		A28A29161C82B174000A8968 /* data.structure */ = {isa = PBXFileReference; explicitFileType = "compiled.mach-o.executable"; includeInIndex = 0; path = data.structure; sourceTree = BUILT_PRODUCTS_DIR; };
		A2C708D71C82B5E7002B9080 /* second */ = {isa = PBXFileReference; explicitFileType = "compiled.mach-o.executable"; includeInIndex = 0; path = second; sourceTree = BUILT_PRODUCTS_DIR; };
		A2C708E21C82B7BD002B9080 /* 003 */ = {isa = PBXFileReference; explicitFileType = "compiled.mach-o.executable"; includeInIndex = 0; path = 003; sourceTree = BUILT_PRODUCTS_DIR; };
		A2C708ED1C82B968002B9080 /* LinkedList */ = {isa = PBXFileReference; explicitFileType = "compiled.mach-o.executable"; includeInIndex = 0; path = LinkedList; sourceTree = BUILT_PRODUCTS_DIR; };
		A2C708EF1C82B969002B9080 /* main.cpp */ = {isa = PBXFileReference; lastKnownFileType = sourcecode.cpp.cpp; path = main.cpp; sourceTree = "<group>"; };
/* End PBXFileReference section */

/* Begin PBXFrameworksBuildPhase section */
		A28A29131C82B174000A8968 /* Frameworks */ = {
			isa = PBXFrameworksBuildPhase;
			buildActionMask = 2147483647;
			files = (
			);
			runOnlyForDeploymentPostprocessing = 0;
		};
		A2C708D41C82B5E7002B9080 /* Frameworks */ = {
			isa = PBXFrameworksBuildPhase;
			buildActionMask = 2147483647;
			files = (
			);
			runOnlyForDeploymentPostprocessing = 0;
		};
		A2C708DF1C82B7BD002B9080 /* Frameworks */ = {
			isa = PBXFrameworksBuildPhase;
			buildActionMask = 2147483647;
			files = (
			);
			runOnlyForDeploymentPostprocessing = 0;
		};
		A2C708EA1C82B968002B9080 /* Frameworks */ = {
			isa = PBXFrameworksBuildPhase;
			buildActionMask = 2147483647;
			files = (
			);
			runOnlyForDeploymentPostprocessing = 0;
		};
/* End PBXFrameworksBuildPhase section */

/* Begin PBXGroup section */
		A28A290D1C82B174000A8968 = {
			isa = PBXGroup;
			children = (
				A2C708EE1C82B969002B9080 /* LinkedList */,
				A28A29171C82B174000A8968 /* Products */,
			);
			sourceTree = "<group>";
		};
		A28A29171C82B174000A8968 /* Products */ = {
			isa = PBXGroup;
			children = (
				A28A29161C82B174000A8968 /* data.structure */,
				A2C708D71C82B5E7002B9080 /* second */,
				A2C708E21C82B7BD002B9080 /* 003 */,
				A2C708ED1C82B968002B9080 /* LinkedList */,
			);
			name = Products;
			sourceTree = "<group>";
		};
		A2C708EE1C82B969002B9080 /* LinkedList */ = {
			isa = PBXGroup;
			children = (
				A2C708EF1C82B969002B9080 /* main.cpp */,
			);
			path = LinkedList;
			sourceTree = "<group>";
		};
/* End PBXGroup section */

/* Begin PBXNativeTarget section */
		A28A29151C82B174000A8968 /* data.structure */ = {
			isa = PBXNativeTarget;
			buildConfigurationList = A28A291D1C82B174000A8968 /* Build configuration list for PBXNativeTarget "data.structure" */;
			buildPhases = (
				A28A29121C82B174000A8968 /* Sources */,
				A28A29131C82B174000A8968 /* Frameworks */,
				A28A29141C82B174000A8968 /* CopyFiles */,
			);
			buildRules = (
			);
			dependencies = (
			);
			name = data.structure;
			productName = data.structure;
			productReference = A28A29161C82B174000A8968 /* data.structure */;
			productType = "com.apple.product-type.tool";
		};
		A2C708D61C82B5E7002B9080 /* second */ = {
			isa = PBXNativeTarget;
			buildConfigurationList = A2C708DD1C82B5E7002B9080 /* Build configuration list for PBXNativeTarget "second" */;
			buildPhases = (
				A2C708D31C82B5E7002B9080 /* Sources */,
				A2C708D41C82B5E7002B9080 /* Frameworks */,
				A2C708D51C82B5E7002B9080 /* CopyFiles */,
			);
			buildRules = (
			);
			dependencies = (
			);
			name = second;
			productName = second;
			productReference = A2C708D71C82B5E7002B9080 /* second */;
			productType = "com.apple.product-type.tool";
		};
		A2C708E11C82B7BD002B9080 /* 003 */ = {
			isa = PBXNativeTarget;
			buildConfigurationList = A2C708E61C82B7BD002B9080 /* Build configuration list for PBXNativeTarget "003" */;
			buildPhases = (
				A2C708DE1C82B7BD002B9080 /* Sources */,
				A2C708DF1C82B7BD002B9080 /* Frameworks */,
				A2C708E01C82B7BD002B9080 /* CopyFiles */,
			);
			buildRules = (
			);
			dependencies = (
			);
			name = 003;
			productName = 003;
			productReference = A2C708E21C82B7BD002B9080 /* 003 */;
			productType = "com.apple.product-type.tool";
		};
		A2C708EC1C82B968002B9080 /* LinkedList */ = {
			isa = PBXNativeTarget;
			buildConfigurationList = A2C708F11C82B969002B9080 /* Build configuration list for PBXNativeTarget "LinkedList" */;
			buildPhases = (
				A2C708E91C82B968002B9080 /* Sources */,
				A2C708EA1C82B968002B9080 /* Frameworks */,
				A2C708EB1C82B968002B9080 /* CopyFiles */,
			);
			buildRules = (
			);
			dependencies = (
			);
			name = LinkedList;
			productName = LinkedList;
			productReference = A2C708ED1C82B968002B9080 /* LinkedList */;
			productType = "com.apple.product-type.tool";
		};
/* End PBXNativeTarget section */

/* Begin PBXProject section */
		A28A290E1C82B174000A8968 /* Project object */ = {
			isa = PBXProject;
			attributes = {
				LastUpgradeCheck = 0720;
				ORGANIZATIONNAME = "Eric Liu Developer";
				TargetAttributes = {
					A28A29151C82B174000A8968 = {
						CreatedOnToolsVersion = 7.2.1;
					};
					A2C708D61C82B5E7002B9080 = {
						CreatedOnToolsVersion = 7.2.1;
					};
					A2C708E11C82B7BD002B9080 = {
						CreatedOnToolsVersion = 7.2.1;
					};
					A2C708EC1C82B968002B9080 = {
						CreatedOnToolsVersion = 7.2.1;
					};
				};
			};
			buildConfigurationList = A28A29111C82B174000A8968 /* Build configuration list for PBXProject "data.structure" */;
			compatibilityVersion = "Xcode 3.2";
			developmentRegion = English;
			hasScannedForEncodings = 0;
			knownRegions = (
				en,
			);
			mainGroup = A28A290D1C82B174000A8968;
			productRefGroup = A28A29171C82B174000A8968 /* Products */;
			projectDirPath = "";
			projectRoot = "";
			targets = (
				A28A29151C82B174000A8968 /* data.structure */,
				A2C708D61C82B5E7002B9080 /* second */,
				A2C708E11C82B7BD002B9080 /* 003 */,
				A2C708EC1C82B968002B9080 /* LinkedList */,
			);
		};
/* End PBXProject section */

/* Begin PBXSourcesBuildPhase section */
		A28A29121C82B174000A8968 /* Sources */ = {
			isa = PBXSourcesBuildPhase;
			buildActionMask = 2147483647;
			files = (
			);
			runOnlyForDeploymentPostprocessing = 0;
		};
		A2C708D31C82B5E7002B9080 /* Sources */ = {
			isa = PBXSourcesBuildPhase;
			buildActionMask = 2147483647;
			files = (
			);
			runOnlyForDeploymentPostprocessing = 0;
		};
		A2C708DE1C82B7BD002B9080 /* Sources */ = {
			isa = PBXSourcesBuildPhase;
			buildActionMask = 2147483647;
			files = (
			);
			runOnlyForDeploymentPostprocessing = 0;
		};
		A2C708E91C82B968002B9080 /* Sources */ = {
			isa = PBXSourcesBuildPhase;
			buildActionMask = 2147483647;
			files = (
				A2C708F01C82B969002B9080 /* main.cpp in Sources */,
			);
			runOnlyForDeploymentPostprocessing = 0;
		};
/* End PBXSourcesBuildPhase section */

/* Begin XCBuildConfiguration section */
		A28A291B1C82B174000A8968 /* Debug */ = {
			isa = XCBuildConfiguration;
			buildSettings = {
				ALWAYS_SEARCH_USER_PATHS = NO;
				CLANG_CXX_LANGUAGE_STANDARD = "gnu++0x";
				CLANG_CXX_LIBRARY = "libc++";
				CLANG_ENABLE_MODULES = YES;
				CLANG_ENABLE_OBJC_ARC = YES;
				CLANG_WARN_BOOL_CONVERSION = YES;
				CLANG_WARN_CONSTANT_CONVERSION = YES;
				CLANG_WARN_DIRECT_OBJC_ISA_USAGE = YES_ERROR;
				CLANG_WARN_EMPTY_BODY = YES;
				CLANG_WARN_ENUM_CONVERSION = YES;
				CLANG_WARN_INT_CONVERSION = YES;
				CLANG_WARN_OBJC_ROOT_CLASS = YES_ERROR;
				CLANG_WARN_UNREACHABLE_CODE = YES;
				CLANG_WARN__DUPLICATE_METHOD_MATCH = YES;
				CODE_SIGN_IDENTITY = "-";
				COPY_PHASE_STRIP = NO;
				DEBUG_INFORMATION_FORMAT = dwarf;
				ENABLE_STRICT_OBJC_MSGSEND = YES;
				ENABLE_TESTABILITY = YES;
				GCC_C_LANGUAGE_STANDARD = gnu99;
				GCC_DYNAMIC_NO_PIC = NO;
				GCC_NO_COMMON_BLOCKS = YES;
				GCC_OPTIMIZATION_LEVEL = 0;
				GCC_PREPROCESSOR_DEFINITIONS = (
					"DEBUG=1",
					"$(inherited)",
				);
				GCC_WARN_64_TO_32_BIT_CONVERSION = YES;
				GCC_WARN_ABOUT_RETURN_TYPE = YES_ERROR;
				GCC_WARN_UNDECLARED_SELECTOR = YES;
				GCC_WARN_UNINITIALIZED_AUTOS = YES_AGGRESSIVE;
				GCC_WARN_UNUSED_FUNCTION = YES;
				GCC_WARN_UNUSED_VARIABLE = YES;
				MACOSX_DEPLOYMENT_TARGET = 10.11;
				MTL_ENABLE_DEBUG_INFO = YES;
				ONLY_ACTIVE_ARCH = YES;
				SDKROOT = macosx;
			};
			name = Debug;
		};
		A28A291C1C82B174000A8968 /* Release */ = {
			isa = XCBuildConfiguration;
			buildSettings = {
				ALWAYS_SEARCH_USER_PATHS = NO;
				CLANG_CXX_LANGUAGE_STANDARD = "gnu++0x";
				CLANG_CXX_LIBRARY = "libc++";
				CLANG_ENABLE_MODULES = YES;
				CLANG_ENABLE_OBJC_ARC = YES;
				CLANG_WARN_BOOL_CONVERSION = YES;
				CLANG_WARN_CONSTANT_CONVERSION = YES;
				CLANG_WARN_DIRECT_OBJC_ISA_USAGE = YES_ERROR;
				CLANG_WARN_EMPTY_BODY = YES;
				CLANG_WARN_ENUM_CONVERSION = YES;
				CLANG_WARN_INT_CONVERSION = YES;
				CLANG_WARN_OBJC_ROOT_CLASS = YES_ERROR;
				CLANG_WARN_UNREACHABLE_CODE = YES;
				CLANG_WARN__DUPLICATE_METHOD_MATCH = YES;
				CODE_SIGN_IDENTITY = "-";
				COPY_PHASE_STRIP = NO;
				DEBUG_INFORMATION_FORMAT = "dwarf-with-dsym";
				ENABLE_NS_ASSERTIONS = NO;
				ENABLE_STRICT_OBJC_MSGSEND = YES;
				GCC_C_LANGUAGE_STANDARD = gnu99;
				GCC_NO_COMMON_BLOCKS = YES;
				GCC_WARN_64_TO_32_BIT_CONVERSION = YES;
				GCC_WARN_ABOUT_RETURN_TYPE = YES_ERROR;
				GCC_WARN_UNDECLARED_SELECTOR = YES;
				GCC_WARN_UNINITIALIZED_AUTOS = YES_AGGRESSIVE;
				GCC_WARN_UNUSED_FUNCTION = YES;
				GCC_WARN_UNUSED_VARIABLE = YES;
				MACOSX_DEPLOYMENT_TARGET = 10.11;
				MTL_ENABLE_DEBUG_INFO = NO;
				SDKROOT = macosx;
			};
			name = Release;
		};
		A28A291E1C82B174000A8968 /* Debug */ = {
			isa = XCBuildConfiguration;
			buildSettings = {
				PRODUCT_NAME = "$(TARGET_NAME)";
			};
			name = Debug;
		};
		A28A291F1C82B174000A8968 /* Release */ = {
			isa = XCBuildConfiguration;
			buildSettings = {
				PRODUCT_NAME = "$(TARGET_NAME)";
			};
			name = Release;
		};
		A2C708DB1C82B5E7002B9080 /* Debug */ = {
			isa = XCBuildConfiguration;
			buildSettings = {
				PRODUCT_NAME = "$(TARGET_NAME)";
			};
			name = Debug;
		};
		A2C708DC1C82B5E7002B9080 /* Release */ = {
			isa = XCBuildConfiguration;
			buildSettings = {
				PRODUCT_NAME = "$(TARGET_NAME)";
			};
			name = Release;
		};
		A2C708E71C82B7BD002B9080 /* Debug */ = {
			isa = XCBuildConfiguration;
			buildSettings = {
				PRODUCT_NAME = "$(TARGET_NAME)";
			};
			name = Debug;
		};
		A2C708E81C82B7BD002B9080 /* Release */ = {
			isa = XCBuildConfiguration;
			buildSettings = {
				PRODUCT_NAME = "$(TARGET_NAME)";
			};
			name = Release;
		};
		A2C708F21C82B969002B9080 /* Debug */ = {
			isa = XCBuildConfiguration;
			buildSettings = {
				PRODUCT_NAME = "$(TARGET_NAME)";
			};
			name = Debug;
		};
		A2C708F31C82B969002B9080 /* Release */ = {
			isa = XCBuildConfiguration;
			buildSettings = {
				PRODUCT_NAME = "$(TARGET_NAME)";
			};
			name = Release;
		};
/* End XCBuildConfiguration section */

/* Begin XCConfigurationList section */
		A28A29111C82B174000A8968 /* Build configuration list for PBXProject "data.structure" */ = {
			isa = XCConfigurationList;
			buildConfigurations = (
				A28A291B1C82B174000A8968 /* Debug */,
				A28A291C1C82B174000A8968 /* Release */,
			);
			defaultConfigurationIsVisible = 0;
			defaultConfigurationName = Release;
		};
		A28A291D1C82B174000A8968 /* Build configuration list for PBXNativeTarget "data.structure" */ = {
			isa = XCConfigurationList;
			buildConfigurations = (
				A28A291E1C82B174000A8968 /* Debug */,
				A28A291F1C82B174000A8968 /* Release */,
			);
			defaultConfigurationIsVisible = 0;
			defaultConfigurationName = Release;
		};
		A2C708DD1C82B5E7002B9080 /* Build configuration list for PBXNativeTarget "second" */ = {
			isa = XCConfigurationList;
			buildConfigurations = (
				A2C708DB1C82B5E7002B9080 /* Debug */,
				A2C708DC1C82B5E7002B9080 /* Release */,
			);
			defaultConfigurationIsVisible = 0;
		};
		A2C708E61C82B7BD002B9080 /* Build configuration list for PBXNativeTarget "003" */ = {
			isa = XCConfigurationList;
			buildConfigurations = (
				A2C708E71C82B7BD002B9080 /* Debug */,
				A2C708E81C82B7BD002B9080 /* Release */,
			);
			defaultConfigurationIsVisible = 0;
		};
		A2C708F11C82B969002B9080 /* Build configuration list for PBXNativeTarget "LinkedList" */ = {
			isa = XCConfigurationList;
			buildConfigurations = (
				A2C708F21C82B969002B9080 /* Debug */,
				A2C708F31C82B969002B9080 /* Release */,
			);
			defaultConfigurationIsVisible = 0;
		};
/* End XCConfigurationList section */
	};
	rootObject = A28A290E1C82B174000A8968 /* Project object */;
}
